
Microsoft Visual Studio Solution File, Format Version 12.00
# Visual Studio Version 17
VisualStudioVersion = 17.10.34928.147
MinimumVisualStudioVersion = 10.0.40219.1
Project("{FAE04EC0-301F-11D3-BF4B-00C04F79EFBC}") = "AppointmentProject", "AppointmentProject\AppointmentProject.csproj", "{13E80062-ED27-4E92-A43D-0B0DB064DFE4}"
EndProject
Global
	GlobalSection(SolutionConfigurationPlatforms) = preSolution
		Debug|Any CPU = Debug|Any CPU
		Release|Any CPU = Release|Any CPU
	EndGlobalSection
	GlobalSection(ProjectConfigurationPlatforms) = postSolution
		{13E80062-ED27-4E92-A43D-0B0DB064DFE4}.Debug|Any CPU.ActiveCfg = Debug|Any CPU
		{13E80062-ED27-4E92-A43D-0B0DB064DFE4}.Debug|Any CPU.Build.0 = Debug|Any CPU
		{13E80062-ED27-4E92-A43D-0B0DB064DFE4}.Release|Any CPU.ActiveCfg = Release|Any CPU
		{13E80062-ED27-4E92-A43D-0B0DB064DFE4}.Release|Any CPU.Build.0 = Release|Any CPU
	EndGlobalSection
	GlobalSection(SolutionProperties) = preSolution
		HideSolutionNode = FALSE
	EndGlobalSection
	GlobalSection(ExtensibilityGlobals) = postSolution
		SolutionGuid = {D95F1C6E-190E-4957-9CC9-BDE3CE85E90A}
	EndGlobalSection
EndGlobal
